
Microsoft Visual Studio Solution File, Format Version 12.00
# Visual Studio Version 17
VisualStudioVersion = 17.3.32819.101
MinimumVisualStudioVersion = 10.0.40219.1
Project("{FAE04EC0-301F-11D3-BF4B-00C04F79EFBC}") = "LegacyAPI", "LegacyAPI\LegacyAPI.csproj", "{E3BD9422-250C-42D0-BDEE-2D2C07AEA3D9}"
EndProject
Global
	GlobalSection(SolutionConfigurationPlatforms) = preSolution
		Debug|Any CPU = Debug|Any CPU
		Release|Any CPU = Release|Any CPU
	EndGlobalSection
	GlobalSection(ProjectConfigurationPlatforms) = postSolution
		{E3BD9422-250C-42D0-BDEE-2D2C07AEA3D9}.Debug|Any CPU.ActiveCfg = Debug|Any CPU
		{E3BD9422-250C-42D0-BDEE-2D2C07AEA3D9}.Debug|Any CPU.Build.0 = Debug|Any CPU
		{E3BD9422-250C-42D0-BDEE-2D2C07AEA3D9}.Release|Any CPU.ActiveCfg = Release|Any CPU
		{E3BD9422-250C-42D0-BDEE-2D2C07AEA3D9}.Release|Any CPU.Build.0 = Release|Any CPU
	EndGlobalSection
	GlobalSection(SolutionProperties) = preSolution
		HideSolutionNode = FALSE
	EndGlobalSection
	GlobalSection(ExtensibilityGlobals) = postSolution
		SolutionGuid = {4EDE782B-A8FA-4C58-A8B4-F66113D12B4C}
	EndGlobalSection
EndGlobal
